// !$*UTF8*$!
{
	archiveVersion = 1;
	classes = {
	};
	objectVersion = 51;
	objects = {

/* Begin PBXBuildFile section */
		242E960984627AB440CBFCA0 /* Pods_SunsetSunrise.framework in Frameworks */ = {isa = PBXBuildFile; fileRef = 3EF878B527B89DEFC340F48E /* Pods_SunsetSunrise.framework */; };
		994BB1322567DFF10001B8D0 /* AppDelegate.swift in Sources */ = {isa = PBXBuildFile; fileRef = 994BB1312567DFF10001B8D0 /* AppDelegate.swift */; };
		994BB1342567DFF10001B8D0 /* SceneDelegate.swift in Sources */ = {isa = PBXBuildFile; fileRef = 994BB1332567DFF10001B8D0 /* SceneDelegate.swift */; };
		994BB1362567DFF10001B8D0 /* ViewController.swift in Sources */ = {isa = PBXBuildFile; fileRef = 994BB1352567DFF10001B8D0 /* ViewController.swift */; };
		994BB1392567DFF10001B8D0 /* Main.storyboard in Resources */ = {isa = PBXBuildFile; fileRef = 994BB1372567DFF10001B8D0 /* Main.storyboard */; };
		994BB13B2567DFF30001B8D0 /* Assets.xcassets in Resources */ = {isa = PBXBuildFile; fileRef = 994BB13A2567DFF30001B8D0 /* Assets.xcassets */; };
		994BB13E2567DFF30001B8D0 /* LaunchScreen.storyboard in Resources */ = {isa = PBXBuildFile; fileRef = 994BB13C2567DFF30001B8D0 /* LaunchScreen.storyboard */; };
		994BB1472567E0D20001B8D0 /* NetworkService.swift in Sources */ = {isa = PBXBuildFile; fileRef = 994BB1462567E0D20001B8D0 /* NetworkService.swift */; };
		994BB15A2567E6C90001B8D0 /* SunInfo.swift in Sources */ = {isa = PBXBuildFile; fileRef = 994BB1592567E6C90001B8D0 /* SunInfo.swift */; };
		99825078257031390089C91B /* Constants.swift in Sources */ = {isa = PBXBuildFile; fileRef = 99825077257031390089C91B /* Constants.swift */; };
		99A663D125693817009CC2A0 /* LocationManager.swift in Sources */ = {isa = PBXBuildFile; fileRef = 99A663D025693817009CC2A0 /* LocationManager.swift */; };
/* End PBXBuildFile section */

/* Begin PBXFileReference section */
		1267A655F8E5FE71019106EB /* Pods-SunsetSunrise.release.xcconfig */ = {isa = PBXFileReference; includeInIndex = 1; lastKnownFileType = text.xcconfig; name = "Pods-SunsetSunrise.release.xcconfig"; path = "Target Support Files/Pods-SunsetSunrise/Pods-SunsetSunrise.release.xcconfig"; sourceTree = "<group>"; };
		3EF878B527B89DEFC340F48E /* Pods_SunsetSunrise.framework */ = {isa = PBXFileReference; explicitFileType = wrapper.framework; includeInIndex = 0; path = Pods_SunsetSunrise.framework; sourceTree = BUILT_PRODUCTS_DIR; };
		74215737F5DED1B038A017A8 /* Pods-SunsetSunrise.debug.xcconfig */ = {isa = PBXFileReference; includeInIndex = 1; lastKnownFileType = text.xcconfig; name = "Pods-SunsetSunrise.debug.xcconfig"; path = "Target Support Files/Pods-SunsetSunrise/Pods-SunsetSunrise.debug.xcconfig"; sourceTree = "<group>"; };
		994BB12E2567DFF10001B8D0 /* SunsetSunrise.app */ = {isa = PBXFileReference; explicitFileType = wrapper.application; includeInIndex = 0; path = SunsetSunrise.app; sourceTree = BUILT_PRODUCTS_DIR; };
		994BB1312567DFF10001B8D0 /* AppDelegate.swift */ = {isa = PBXFileReference; lastKnownFileType = sourcecode.swift; path = AppDelegate.swift; sourceTree = "<group>"; };
		994BB1332567DFF10001B8D0 /* SceneDelegate.swift */ = {isa = PBXFileReference; lastKnownFileType = sourcecode.swift; path = SceneDelegate.swift; sourceTree = "<group>"; };
		994BB1352567DFF10001B8D0 /* ViewController.swift */ = {isa = PBXFileReference; lastKnownFileType = sourcecode.swift; path = ViewController.swift; sourceTree = "<group>"; };
		994BB1382567DFF10001B8D0 /* Base */ = {isa = PBXFileReference; lastKnownFileType = file.storyboard; name = Base; path = Base.lproj/Main.storyboard; sourceTree = "<group>"; };
		994BB13A2567DFF30001B8D0 /* Assets.xcassets */ = {isa = PBXFileReference; lastKnownFileType = folder.assetcatalog; path = Assets.xcassets; sourceTree = "<group>"; };
		994BB13D2567DFF30001B8D0 /* Base */ = {isa = PBXFileReference; lastKnownFileType = file.storyboard; name = Base; path = Base.lproj/LaunchScreen.storyboard; sourceTree = "<group>"; };
		994BB13F2567DFF30001B8D0 /* Info.plist */ = {isa = PBXFileReference; lastKnownFileType = text.plist.xml; path = Info.plist; sourceTree = "<group>"; };
		994BB1462567E0D20001B8D0 /* NetworkService.swift */ = {isa = PBXFileReference; lastKnownFileType = sourcecode.swift; path = NetworkService.swift; sourceTree = "<group>"; };
		994BB1592567E6C90001B8D0 /* SunInfo.swift */ = {isa = PBXFileReference; lastKnownFileType = sourcecode.swift; path = SunInfo.swift; sourceTree = "<group>"; };
		99825077257031390089C91B /* Constants.swift */ = {isa = PBXFileReference; lastKnownFileType = sourcecode.swift; path = Constants.swift; sourceTree = "<group>"; };
		99A663D025693817009CC2A0 /* LocationManager.swift */ = {isa = PBXFileReference; lastKnownFileType = sourcecode.swift; path = LocationManager.swift; sourceTree = "<group>"; };
/* End PBXFileReference section */

/* Begin PBXFrameworksBuildPhase section */
		994BB12B2567DFF10001B8D0 /* Frameworks */ = {
			isa = PBXFrameworksBuildPhase;
			buildActionMask = 2147483647;
			files = (
				242E960984627AB440CBFCA0 /* Pods_SunsetSunrise.framework in Frameworks */,
			);
			runOnlyForDeploymentPostprocessing = 0;
		};
/* End PBXFrameworksBuildPhase section */

/* Begin PBXGroup section */
		7367963BA14C5B724243DDB5 /* Frameworks */ = {
			isa = PBXGroup;
			children = (
				3EF878B527B89DEFC340F48E /* Pods_SunsetSunrise.framework */,
			);
			name = Frameworks;
			sourceTree = "<group>";
		};
		994BB1252567DFF10001B8D0 = {
			isa = PBXGroup;
			children = (
				994BB1302567DFF10001B8D0 /* SunsetSunrise */,
				994BB12F2567DFF10001B8D0 /* Products */,
				CD3D9C6A4416635B9B3B2651 /* Pods */,
				7367963BA14C5B724243DDB5 /* Frameworks */,
			);
			sourceTree = "<group>";
		};
		994BB12F2567DFF10001B8D0 /* Products */ = {
			isa = PBXGroup;
			children = (
				994BB12E2567DFF10001B8D0 /* SunsetSunrise.app */,
			);
			name = Products;
			sourceTree = "<group>";
		};
		994BB1302567DFF10001B8D0 /* SunsetSunrise */ = {
			isa = PBXGroup;
			children = (
				994BB1312567DFF10001B8D0 /* AppDelegate.swift */,
				994BB1332567DFF10001B8D0 /* SceneDelegate.swift */,
				994BB1352567DFF10001B8D0 /* ViewController.swift */,
				99825077257031390089C91B /* Constants.swift */,
				994BB15C2567E6CD0001B8D0 /* Models */,
				994BB1492567E0D60001B8D0 /* Services */,
				994BB1372567DFF10001B8D0 /* Main.storyboard */,
				994BB13A2567DFF30001B8D0 /* Assets.xcassets */,
				994BB13C2567DFF30001B8D0 /* LaunchScreen.storyboard */,
				994BB13F2567DFF30001B8D0 /* Info.plist */,
			);
			path = SunsetSunrise;
			sourceTree = "<group>";
		};
		994BB1492567E0D60001B8D0 /* Services */ = {
			isa = PBXGroup;
			children = (
				994BB1462567E0D20001B8D0 /* NetworkService.swift */,
				99A663D025693817009CC2A0 /* LocationManager.swift */,
			);
			path = Services;
			sourceTree = "<group>";
		};
		994BB15C2567E6CD0001B8D0 /* Models */ = {
			isa = PBXGroup;
			children = (
				994BB1592567E6C90001B8D0 /* SunInfo.swift */,
			);
			path = Models;
			sourceTree = "<group>";
		};
		CD3D9C6A4416635B9B3B2651 /* Pods */ = {
			isa = PBXGroup;
			children = (
				74215737F5DED1B038A017A8 /* Pods-SunsetSunrise.debug.xcconfig */,
				1267A655F8E5FE71019106EB /* Pods-SunsetSunrise.release.xcconfig */,
			);
			path = Pods;
			sourceTree = "<group>";
		};
/* End PBXGroup section */

/* Begin PBXNativeTarget section */
		994BB12D2567DFF10001B8D0 /* SunsetSunrise */ = {
			isa = PBXNativeTarget;
			buildConfigurationList = 994BB1422567DFF30001B8D0 /* Build configuration list for PBXNativeTarget "SunsetSunrise" */;
			buildPhases = (
				F8B01E26B14688F534DEFA9E /* [CP] Check Pods Manifest.lock */,
				994BB12A2567DFF10001B8D0 /* Sources */,
				994BB12B2567DFF10001B8D0 /* Frameworks */,
				994BB12C2567DFF10001B8D0 /* Resources */,
				0ECAD9DF95AFE519A0ADF865 /* [CP] Embed Pods Frameworks */,
				81865F0B7024E04FCC73D772 /* [CP] Copy Pods Resources */,
			);
			buildRules = (
			);
			dependencies = (
			);
			name = SunsetSunrise;
			productName = SunsetSunrise;
			productReference = 994BB12E2567DFF10001B8D0 /* SunsetSunrise.app */;
			productType = "com.apple.product-type.application";
		};
/* End PBXNativeTarget section */

/* Begin PBXProject section */
		994BB1262567DFF10001B8D0 /* Project object */ = {
			isa = PBXProject;
			attributes = {
				LastSwiftUpdateCheck = 1220;
				LastUpgradeCheck = 1220;
				TargetAttributes = {
					994BB12D2567DFF10001B8D0 = {
						CreatedOnToolsVersion = 12.2;
					};
				};
			};
			buildConfigurationList = 994BB1292567DFF10001B8D0 /* Build configuration list for PBXProject "SunsetSunrise" */;
			compatibilityVersion = "Xcode 9.3";
			developmentRegion = en;
			hasScannedForEncodings = 0;
			knownRegions = (
				en,
				Base,
			);
			mainGroup = 994BB1252567DFF10001B8D0;
			productRefGroup = 994BB12F2567DFF10001B8D0 /* Products */;
			projectDirPath = "";
			projectRoot = "";
			targets = (
				994BB12D2567DFF10001B8D0 /* SunsetSunrise */,
			);
		};
/* End PBXProject section */

/* Begin PBXResourcesBuildPhase section */
		994BB12C2567DFF10001B8D0 /* Resources */ = {
			isa = PBXResourcesBuildPhase;
			buildActionMask = 2147483647;
			files = (
				994BB13E2567DFF30001B8D0 /* LaunchScreen.storyboard in Resources */,
				994BB13B2567DFF30001B8D0 /* Assets.xcassets in Resources */,
				994BB1392567DFF10001B8D0 /* Main.storyboard in Resources */,
			);
			runOnlyForDeploymentPostprocessing = 0;
		};
/* End PBXResourcesBuildPhase section */

/* Begin PBXShellScriptBuildPhase section */
		0ECAD9DF95AFE519A0ADF865 /* [CP] Embed Pods Frameworks */ = {
			isa = PBXShellScriptBuildPhase;
			buildActionMask = 2147483647;
			files = (
			);
			inputFileListPaths = (
				"${PODS_ROOT}/Target Support Files/Pods-SunsetSunrise/Pods-SunsetSunrise-frameworks-${CONFIGURATION}-input-files.xcfilelist",
			);
			name = "[CP] Embed Pods Frameworks";
			outputFileListPaths = (
				"${PODS_ROOT}/Target Support Files/Pods-SunsetSunrise/Pods-SunsetSunrise-frameworks-${CONFIGURATION}-output-files.xcfilelist",
			);
			runOnlyForDeploymentPostprocessing = 0;
			shellPath = /bin/sh;
			shellScript = "\"${PODS_ROOT}/Target Support Files/Pods-SunsetSunrise/Pods-SunsetSunrise-frameworks.sh\"\n";
			showEnvVarsInLog = 0;
		};
		81865F0B7024E04FCC73D772 /* [CP] Copy Pods Resources */ = {
			isa = PBXShellScriptBuildPhase;
			buildActionMask = 2147483647;
			files = (
			);
			inputFileListPaths = (
				"${PODS_ROOT}/Target Support Files/Pods-SunsetSunrise/Pods-SunsetSunrise-resources-${CONFIGURATION}-input-files.xcfilelist",
			);
			name = "[CP] Copy Pods Resources";
			outputFileListPaths = (
				"${PODS_ROOT}/Target Support Files/Pods-SunsetSunrise/Pods-SunsetSunrise-resources-${CONFIGURATION}-output-files.xcfilelist",
			);
			runOnlyForDeploymentPostprocessing = 0;
			shellPath = /bin/sh;
			shellScript = "\"${PODS_ROOT}/Target Support Files/Pods-SunsetSunrise/Pods-SunsetSunrise-resources.sh\"\n";
			showEnvVarsInLog = 0;
		};
		F8B01E26B14688F534DEFA9E /* [CP] Check Pods Manifest.lock */ = {
			isa = PBXShellScriptBuildPhase;
			buildActionMask = 2147483647;
			files = (
			);
			inputFileListPaths = (
			);
			inputPaths = (
				"${PODS_PODFILE_DIR_PATH}/Podfile.lock",
				"${PODS_ROOT}/Manifest.lock",
			);
			name = "[CP] Check Pods Manifest.lock";
			outputFileListPaths = (
			);
			outputPaths = (
				"$(DERIVED_FILE_DIR)/Pods-SunsetSunrise-checkManifestLockResult.txt",
			);
			runOnlyForDeploymentPostprocessing = 0;
			shellPath = /bin/sh;
			shellScript = "diff \"${PODS_PODFILE_DIR_PATH}/Podfile.lock\" \"${PODS_ROOT}/Manifest.lock\" > /dev/null\nif [ $? != 0 ] ; then\n    # print error to STDERR\n    echo \"error: The sandbox is not in sync with the Podfile.lock. Run 'pod install' or update your CocoaPods installation.\" >&2\n    exit 1\nfi\n# This output is used by Xcode 'outputs' to avoid re-running this script phase.\necho \"SUCCESS\" > \"${SCRIPT_OUTPUT_FILE_0}\"\n";
			showEnvVarsInLog = 0;
		};
/* End PBXShellScriptBuildPhase section */

/* Begin PBXSourcesBuildPhase section */
		994BB12A2567DFF10001B8D0 /* Sources */ = {
			isa = PBXSourcesBuildPhase;
			buildActionMask = 2147483647;
			files = (
				994BB15A2567E6C90001B8D0 /* SunInfo.swift in Sources */,
				994BB1362567DFF10001B8D0 /* ViewController.swift in Sources */,
				99A663D125693817009CC2A0 /* LocationManager.swift in Sources */,
				994BB1322567DFF10001B8D0 /* AppDelegate.swift in Sources */,
				99825078257031390089C91B /* Constants.swift in Sources */,
				994BB1472567E0D20001B8D0 /* NetworkService.swift in Sources */,
				994BB1342567DFF10001B8D0 /* SceneDelegate.swift in Sources */,
			);
			runOnlyForDeploymentPostprocessing = 0;
		};
/* End PBXSourcesBuildPhase section */

/* Begin PBXVariantGroup section */
		994BB1372567DFF10001B8D0 /* Main.storyboard */ = {
			isa = PBXVariantGroup;
			children = (
				994BB1382567DFF10001B8D0 /* Base */,
			);
			name = Main.storyboard;
			sourceTree = "<group>";
		};
		994BB13C2567DFF30001B8D0 /* LaunchScreen.storyboard */ = {
			isa = PBXVariantGroup;
			children = (
				994BB13D2567DFF30001B8D0 /* Base */,
			);
			name = LaunchScreen.storyboard;
			sourceTree = "<group>";
		};
/* End PBXVariantGroup section */

/* Begin XCBuildConfiguration section */
		994BB1402567DFF30001B8D0 /* Debug */ = {
			isa = XCBuildConfiguration;
			buildSettings = {
				ALWAYS_SEARCH_USER_PATHS = NO;
				CLANG_ANALYZER_NONNULL = YES;
				CLANG_ANALYZER_NUMBER_OBJECT_CONVERSION = YES_AGGRESSIVE;
				CLANG_CXX_LANGUAGE_STANDARD = "gnu++14";
				CLANG_CXX_LIBRARY = "libc++";
				CLANG_ENABLE_MODULES = YES;
				CLANG_ENABLE_OBJC_ARC = YES;
				CLANG_ENABLE_OBJC_WEAK = YES;
				CLANG_WARN_BLOCK_CAPTURE_AUTORELEASING = YES;
				CLANG_WARN_BOOL_CONVERSION = YES;
				CLANG_WARN_COMMA = YES;
				CLANG_WARN_CONSTANT_CONVERSION = YES;
				CLANG_WARN_DEPRECATED_OBJC_IMPLEMENTATIONS = YES;
				CLANG_WARN_DIRECT_OBJC_ISA_USAGE = YES_ERROR;
				CLANG_WARN_DOCUMENTATION_COMMENTS = YES;
				CLANG_WARN_EMPTY_BODY = YES;
				CLANG_WARN_ENUM_CONVERSION = YES;
				CLANG_WARN_INFINITE_RECURSION = YES;
				CLANG_WARN_INT_CONVERSION = YES;
				CLANG_WARN_NON_LITERAL_NULL_CONVERSION = YES;
				CLANG_WARN_OBJC_IMPLICIT_RETAIN_SELF = YES;
				CLANG_WARN_OBJC_LITERAL_CONVERSION = YES;
				CLANG_WARN_OBJC_ROOT_CLASS = YES_ERROR;
				CLANG_WARN_QUOTED_INCLUDE_IN_FRAMEWORK_HEADER = YES;
				CLANG_WARN_RANGE_LOOP_ANALYSIS = YES;
				CLANG_WARN_STRICT_PROTOTYPES = YES;
				CLANG_WARN_SUSPICIOUS_MOVE = YES;
				CLANG_WARN_UNGUARDED_AVAILABILITY = YES_AGGRESSIVE;
				CLANG_WARN_UNREACHABLE_CODE = YES;
				CLANG_WARN__DUPLICATE_METHOD_MATCH = YES;
				COPY_PHASE_STRIP = NO;
				DEBUG_INFORMATION_FORMAT = dwarf;
				ENABLE_STRICT_OBJC_MSGSEND = YES;
				ENABLE_TESTABILITY = YES;
				GCC_C_LANGUAGE_STANDARD = gnu11;
				GCC_DYNAMIC_NO_PIC = NO;
				GCC_NO_COMMON_BLOCKS = YES;
				GCC_OPTIMIZATION_LEVEL = 0;
				GCC_PREPROCESSOR_DEFINITIONS = (
					"DEBUG=1",
					"$(inherited)",
				);
				GCC_WARN_64_TO_32_BIT_CONVERSION = YES;
				GCC_WARN_ABOUT_RETURN_TYPE = YES_ERROR;
				GCC_WARN_UNDECLARED_SELECTOR = YES;
				GCC_WARN_UNINITIALIZED_AUTOS = YES_AGGRESSIVE;
				GCC_WARN_UNUSED_FUNCTION = YES;
				GCC_WARN_UNUSED_VARIABLE = YES;
				IPHONEOS_DEPLOYMENT_TARGET = 14.2;
				MTL_ENABLE_DEBUG_INFO = INCLUDE_SOURCE;
				MTL_FAST_MATH = YES;
				ONLY_ACTIVE_ARCH = YES;
				SDKROOT = iphoneos;
				SWIFT_ACTIVE_COMPILATION_CONDITIONS = DEBUG;
				SWIFT_OPTIMIZATION_LEVEL = "-Onone";
			};
			name = Debug;
		};
		994BB1412567DFF30001B8D0 /* Release */ = {
			isa = XCBuildConfiguration;
			buildSettings = {
				ALWAYS_SEARCH_USER_PATHS = NO;
				CLANG_ANALYZER_NONNULL = YES;
				CLANG_ANALYZER_NUMBER_OBJECT_CONVERSION = YES_AGGRESSIVE;
				CLANG_CXX_LANGUAGE_STANDARD = "gnu++14";
				CLANG_CXX_LIBRARY = "libc++";
				CLANG_ENABLE_MODULES = YES;
				CLANG_ENABLE_OBJC_ARC = YES;
				CLANG_ENABLE_OBJC_WEAK = YES;
				CLANG_WARN_BLOCK_CAPTURE_AUTORELEASING = YES;
				CLANG_WARN_BOOL_CONVERSION = YES;
				CLANG_WARN_COMMA = YES;
				CLANG_WARN_CONSTANT_CONVERSION = YES;
				CLANG_WARN_DEPRECATED_OBJC_IMPLEMENTATIONS = YES;
				CLANG_WARN_DIRECT_OBJC_ISA_USAGE = YES_ERROR;
				CLANG_WARN_DOCUMENTATION_COMMENTS = YES;
				CLANG_WARN_EMPTY_BODY = YES;
				CLANG_WARN_ENUM_CONVERSION = YES;
				CLANG_WARN_INFINITE_RECURSION = YES;
				CLANG_WARN_INT_CONVERSION = YES;
				CLANG_WARN_NON_LITERAL_NULL_CONVERSION = YES;
				CLANG_WARN_OBJC_IMPLICIT_RETAIN_SELF = YES;
				CLANG_WARN_OBJC_LITERAL_CONVERSION = YES;
				CLANG_WARN_OBJC_ROOT_CLASS = YES_ERROR;
				CLANG_WARN_QUOTED_INCLUDE_IN_FRAMEWORK_HEADER = YES;
				CLANG_WARN_RANGE_LOOP_ANALYSIS = YES;
				CLANG_WARN_STRICT_PROTOTYPES = YES;
				CLANG_WARN_SUSPICIOUS_MOVE = YES;
				CLANG_WARN_UNGUARDED_AVAILABILITY = YES_AGGRESSIVE;
				CLANG_WARN_UNREACHABLE_CODE = YES;
				CLANG_WARN__DUPLICATE_METHOD_MATCH = YES;
				COPY_PHASE_STRIP = NO;
				DEBUG_INFORMATION_FORMAT = "dwarf-with-dsym";
				ENABLE_NS_ASSERTIONS = NO;
				ENABLE_STRICT_OBJC_MSGSEND = YES;
				GCC_C_LANGUAGE_STANDARD = gnu11;
				GCC_NO_COMMON_BLOCKS = YES;
				GCC_WARN_64_TO_32_BIT_CONVERSION = YES;
				GCC_WARN_ABOUT_RETURN_TYPE = YES_ERROR;
				GCC_WARN_UNDECLARED_SELECTOR = YES;
				GCC_WARN_UNINITIALIZED_AUTOS = YES_AGGRESSIVE;
				GCC_WARN_UNUSED_FUNCTION = YES;
				GCC_WARN_UNUSED_VARIABLE = YES;
				IPHONEOS_DEPLOYMENT_TARGET = 14.2;
				MTL_ENABLE_DEBUG_INFO = NO;
				MTL_FAST_MATH = YES;
				SDKROOT = iphoneos;
				SWIFT_COMPILATION_MODE = wholemodule;
				SWIFT_OPTIMIZATION_LEVEL = "-O";
				VALIDATE_PRODUCT = YES;
			};
			name = Release;
		};
		994BB1432567DFF30001B8D0 /* Debug */ = {
			isa = XCBuildConfiguration;
			baseConfigurationReference = 74215737F5DED1B038A017A8 /* Pods-SunsetSunrise.debug.xcconfig */;
			buildSettings = {
				ASSETCATALOG_COMPILER_APPICON_NAME = AppIcon;
				ASSETCATALOG_COMPILER_GLOBAL_ACCENT_COLOR_NAME = AccentColor;
				CODE_SIGN_STYLE = Automatic;
				INFOPLIST_FILE = SunsetSunrise/Info.plist;
				LD_RUNPATH_SEARCH_PATHS = (
					"$(inherited)",
					"@executable_path/Frameworks",
				);
				PRODUCT_BUNDLE_IDENTIFIER = gg.SunsetSunrise;
				PRODUCT_NAME = "$(TARGET_NAME)";
				SWIFT_VERSION = 5.0;
				TARGETED_DEVICE_FAMILY = "1,2";
			};
			name = Debug;
		};
		994BB1442567DFF30001B8D0 /* Release */ = {
			isa = XCBuildConfiguration;
			baseConfigurationReference = 1267A655F8E5FE71019106EB /* Pods-SunsetSunrise.release.xcconfig */;
			buildSettings = {
				ASSETCATALOG_COMPILER_APPICON_NAME = AppIcon;
				ASSETCATALOG_COMPILER_GLOBAL_ACCENT_COLOR_NAME = AccentColor;
				CODE_SIGN_STYLE = Automatic;
				INFOPLIST_FILE = SunsetSunrise/Info.plist;
				LD_RUNPATH_SEARCH_PATHS = (
					"$(inherited)",
					"@executable_path/Frameworks",
				);
				PRODUCT_BUNDLE_IDENTIFIER = gg.SunsetSunrise;
				PRODUCT_NAME = "$(TARGET_NAME)";
				SWIFT_VERSION = 5.0;
				TARGETED_DEVICE_FAMILY = "1,2";
			};
			name = Release;
		};
/* End XCBuildConfiguration section */

/* Begin XCConfigurationList section */
		994BB1292567DFF10001B8D0 /* Build configuration list for PBXProject "SunsetSunrise" */ = {
			isa = XCConfigurationList;
			buildConfigurations = (
				994BB1402567DFF30001B8D0 /* Debug */,
				994BB1412567DFF30001B8D0 /* Release */,
			);
			defaultConfigurationIsVisible = 0;
			defaultConfigurationName = Release;
		};
		994BB1422567DFF30001B8D0 /* Build configuration list for PBXNativeTarget "SunsetSunrise" */ = {
			isa = XCConfigurationList;
			buildConfigurations = (
				994BB1432567DFF30001B8D0 /* Debug */,
				994BB1442567DFF30001B8D0 /* Release */,
			);
			defaultConfigurationIsVisible = 0;
			defaultConfigurationName = Release;
		};
/* End XCConfigurationList section */
	};
	rootObject = 994BB1262567DFF10001B8D0 /* Project object */;
}
